{
  "name": "couchdb-mkdb",
  "version": "1.0.0",
  "dependencies": {
    "event-stream": {
      "version": "3.3.2",
      "from": "event-stream@>=3.3.2 <4.0.0",
      "resolved": "https://registry.npmjs.org/event-stream/-/event-stream-3.3.2.tgz",
      "dependencies": {
        "through": {
          "version": "2.3.8",
          "from": "through@>=2.3.1 <2.4.0",
          "resolved": "https://registry.npmjs.org/through/-/through-2.3.8.tgz"
        },
        "duplexer": {
          "version": "0.1.1",
          "from": "duplexer@>=0.1.1 <0.2.0",
          "resolved": "https://registry.npmjs.org/duplexer/-/duplexer-0.1.1.tgz"
        },
        "from": {
          "version": "0.1.3",
          "from": "from@>=0.0.0 <1.0.0",
          "resolved": "https://registry.npmjs.org/from/-/from-0.1.3.tgz"
        },
        "map-stream": {
          "version": "0.1.0",
          "from": "map-stream@>=0.1.0 <0.2.0",
          "resolved": "https://registry.npmjs.org/map-stream/-/map-stream-0.1.0.tgz"
        },
        "pause-stream": {
          "version": "0.0.11",
          "from": "pause-stream@0.0.11",
          "resolved": "https://registry.npmjs.org/pause-stream/-/pause-stream-0.0.11.tgz"
        },
        "split": {
          "version": "0.3.3",
          "from": "split@>=0.3.0 <0.4.0",
          "resolved": "https://registry.npmjs.org/split/-/split-0.3.3.tgz"
        },
        "stream-combiner": {
          "version": "0.0.4",
          "from": "stream-combiner@>=0.0.4 <0.1.0",
          "resolved": "https://registry.npmjs.org/stream-combiner/-/stream-combiner-0.0.4.tgz"
        }
      }
    },
    "xtend": {
      "version": "4.0.1",
      "from": "xtend@>=4.0.1 <5.0.0",
      "resolved": "https://registry.npmjs.org/xtend/-/xtend-4.0.1.tgz"
    }
  }
}
